// !$*UTF8*$!
{
	archiveVersion = 1;
	classes = {
	};
	objectVersion = 77;
	objects = {

/* Begin PBXContainerItemProxy section */
		C0C537BB2ED6C200006A9F54 /* PBXContainerItemProxy */ = {
			isa = PBXContainerItemProxy;
			containerPortal = C0C5379C2ED6C1FF006A9F54 /* Project object */;
			proxyType = 1;
			remoteGlobalIDString = C0C537A32ED6C1FF006A9F54;
			remoteInfo = CourtConnect;
		};
		C0C537C52ED6C200006A9F54 /* PBXContainerItemProxy */ = {
			isa = PBXContainerItemProxy;
			containerPortal = C0C5379C2ED6C1FF006A9F54 /* Project object */;
			proxyType = 1;
			remoteGlobalIDString = C0C537A32ED6C1FF006A9F54;
			remoteInfo = CourtConnect;
		};
/* End PBXContainerItemProxy section */

/* Begin PBXFileReference section */
		C0C537A42ED6C1FF006A9F54 /* CourtConnect.app */ = {isa = PBXFileReference; explicitFileType = wrapper.application; includeInIndex = 0; path = CourtConnect.app; sourceTree = BUILT_PRODUCTS_DIR; };
		C0C537BA2ED6C200006A9F54 /* CourtConnectTests.xctest */ = {isa = PBXFileReference; explicitFileType = wrapper.cfbundle; includeInIndex = 0; path = CourtConnectTests.xctest; sourceTree = BUILT_PRODUCTS_DIR; };
		C0C537C42ED6C200006A9F54 /* CourtConnectUITests.xctest */ = {isa = PBXFileReference; explicitFileType = wrapper.cfbundle; includeInIndex = 0; path = CourtConnectUITests.xctest; sourceTree = BUILT_PRODUCTS_DIR; };
/* End PBXFileReference section */

/* Begin PBXFileSystemSynchronizedBuildFileExceptionSet section */
		C0C537CC2ED6C200006A9F54 /* Exceptions for "CourtConnect" folder in "CourtConnect" target */ = {
			isa = PBXFileSystemSynchronizedBuildFileExceptionSet;
			membershipExceptions = (
				Info.plist,
			);
			target = C0C537A32ED6C1FF006A9F54 /* CourtConnect */;
		};
/* End PBXFileSystemSynchronizedBuildFileExceptionSet section */

/* Begin PBXFileSystemSynchronizedRootGroup section */
		C0C537A62ED6C1FF006A9F54 /* CourtConnect */ = {
			isa = PBXFileSystemSynchronizedRootGroup;
			exceptions = (
				C0C537CC2ED6C200006A9F54 /* Exceptions for "CourtConnect" folder in "CourtConnect" target */,
			);
			path = CourtConnect;
			sourceTree = "<group>";
		};
		C0C537BD2ED6C200006A9F54 /* CourtConnectTests */ = {
			isa = PBXFileSystemSynchronizedRootGroup;
			path = CourtConnectTests;
			sourceTree = "<group>";
		};
		C0C537C72ED6C200006A9F54 /* CourtConnectUITests */ = {
			isa = PBXFileSystemSynchronizedRootGroup;
			path = CourtConnectUITests;
			sourceTree = "<group>";
		};
/* End PBXFileSystemSynchronizedRootGroup section */

/* Begin PBXFrameworksBuildPhase section */
		C0C537A12ED6C1FF006A9F54 /* Frameworks */ = {
			isa = PBXFrameworksBuildPhase;
			buildActionMask = 2147483647;
			files = (
			);
			runOnlyForDeploymentPostprocessing = 0;
		};
		C0C537B72ED6C200006A9F54 /* Frameworks */ = {
			isa = PBXFrameworksBuildPhase;
			buildActionMask = 2147483647;
			files = (
			);
			runOnlyForDeploymentPostprocessing = 0;
		};
		C0C537C12ED6C200006A9F54 /* Frameworks */ = {
			isa = PBXFrameworksBuildPhase;
			buildActionMask = 2147483647;
			files = (
			);
			runOnlyForDeploymentPostprocessing = 0;
		};
/* End PBXFrameworksBuildPhase section */

/* Begin PBXGroup section */
		C0C5379B2ED6C1FF006A9F54 = {
			isa = PBXGroup;
			children = (
				C0C537A62ED6C1FF006A9F54 /* CourtConnect */,
				C0C537BD2ED6C200006A9F54 /* CourtConnectTests */,
				C0C537C72ED6C200006A9F54 /* CourtConnectUITests */,
				C0C537A52ED6C1FF006A9F54 /* Products */,
			);
			sourceTree = "<group>";
		};
		C0C537A52ED6C1FF006A9F54 /* Products */ = {
			isa = PBXGroup;
			children = (
				C0C537A42ED6C1FF006A9F54 /* CourtConnect.app */,
				C0C537BA2ED6C200006A9F54 /* CourtConnectTests.xctest */,
				C0C537C42ED6C200006A9F54 /* CourtConnectUITests.xctest */,
			);
			name = Products;
			sourceTree = "<group>";
		};
/* End PBXGroup section */

/* Begin PBXNativeTarget section */
		C0C537A32ED6C1FF006A9F54 /* CourtConnect */ = {
			isa = PBXNativeTarget;
			buildConfigurationList = C0C537CD2ED6C200006A9F54 /* Build configuration list for PBXNativeTarget "CourtConnect" */;
			buildPhases = (
				C0C537A02ED6C1FF006A9F54 /* Sources */,
				C0C537A12ED6C1FF006A9F54 /* Frameworks */,
				C0C537A22ED6C1FF006A9F54 /* Resources */,
			);
			buildRules = (
			);
			dependencies = (
			);
			fileSystemSynchronizedGroups = (
				C0C537A62ED6C1FF006A9F54 /* CourtConnect */,
			);
			name = CourtConnect;
			packageProductDependencies = (
			);
			productName = CourtConnect;
			productReference = C0C537A42ED6C1FF006A9F54 /* CourtConnect.app */;
			productType = "com.apple.product-type.application";
		};
		C0C537B92ED6C200006A9F54 /* CourtConnectTests */ = {
			isa = PBXNativeTarget;
			buildConfigurationList = C0C537D22ED6C200006A9F54 /* Build configuration list for PBXNativeTarget "CourtConnectTests" */;
			buildPhases = (
				C0C537B62ED6C200006A9F54 /* Sources */,
				C0C537B72ED6C200006A9F54 /* Frameworks */,
				C0C537B82ED6C200006A9F54 /* Resources */,
			);
			buildRules = (
			);
			dependencies = (
				C0C537BC2ED6C200006A9F54 /* PBXTargetDependency */,
			);
			fileSystemSynchronizedGroups = (
				C0C537BD2ED6C200006A9F54 /* CourtConnectTests */,
			);
			name = CourtConnectTests;
			packageProductDependencies = (
			);
			productName = CourtConnectTests;
			productReference = C0C537BA2ED6C200006A9F54 /* CourtConnectTests.xctest */;
			productType = "com.apple.product-type.bundle.unit-test";
		};
		C0C537C32ED6C200006A9F54 /* CourtConnectUITests */ = {
			isa = PBXNativeTarget;
			buildConfigurationList = C0C537D52ED6C200006A9F54 /* Build configuration list for PBXNativeTarget "CourtConnectUITests" */;
			buildPhases = (
				C0C537C02ED6C200006A9F54 /* Sources */,
				C0C537C12ED6C200006A9F54 /* Frameworks */,
				C0C537C22ED6C200006A9F54 /* Resources */,
			);
			buildRules = (
			);
			dependencies = (
				C0C537C62ED6C200006A9F54 /* PBXTargetDependency */,
			);
			fileSystemSynchronizedGroups = (
				C0C537C72ED6C200006A9F54 /* CourtConnectUITests */,
			);
			name = CourtConnectUITests;
			packageProductDependencies = (
			);
			productName = CourtConnectUITests;
			productReference = C0C537C42ED6C200006A9F54 /* CourtConnectUITests.xctest */;
			productType = "com.apple.product-type.bundle.ui-testing";
		};
/* End PBXNativeTarget section */

/* Begin PBXProject section */
		C0C5379C2ED6C1FF006A9F54 /* Project object */ = {
			isa = PBXProject;
			attributes = {
				BuildIndependentTargetsInParallel = 1;
				LastSwiftUpdateCheck = 1640;
				LastUpgradeCheck = 1640;
				TargetAttributes = {
					C0C537A32ED6C1FF006A9F54 = {
						CreatedOnToolsVersion = 16.4;
					};
					C0C537B92ED6C200006A9F54 = {
						CreatedOnToolsVersion = 16.4;
						TestTargetID = C0C537A32ED6C1FF006A9F54;
					};
					C0C537C32ED6C200006A9F54 = {
						CreatedOnToolsVersion = 16.4;
						TestTargetID = C0C537A32ED6C1FF006A9F54;
					};
				};
			};
			buildConfigurationList = C0C5379F2ED6C1FF006A9F54 /* Build configuration list for PBXProject "CourtConnect" */;
			developmentRegion = en;
			hasScannedForEncodings = 0;
			knownRegions = (
				en,
				Base,
			);
			mainGroup = C0C5379B2ED6C1FF006A9F54;
			minimizedProjectReferenceProxies = 1;
			preferredProjectObjectVersion = 77;
			productRefGroup = C0C537A52ED6C1FF006A9F54 /* Products */;
			projectDirPath = "";
			projectRoot = "";
			targets = (
				C0C537A32ED6C1FF006A9F54 /* CourtConnect */,
				C0C537B92ED6C200006A9F54 /* CourtConnectTests */,
				C0C537C32ED6C200006A9F54 /* CourtConnectUITests */,
			);
		};
/* End PBXProject section */

/* Begin PBXResourcesBuildPhase section */
		C0C537A22ED6C1FF006A9F54 /* Resources */ = {
			isa = PBXResourcesBuildPhase;
			buildActionMask = 2147483647;
			files = (
			);
			runOnlyForDeploymentPostprocessing = 0;
		};
		C0C537B82ED6C200006A9F54 /* Resources */ = {
			isa = PBXResourcesBuildPhase;
			buildActionMask = 2147483647;
			files = (
			);
			runOnlyForDeploymentPostprocessing = 0;
		};
		C0C537C22ED6C200006A9F54 /* Resources */ = {
			isa = PBXResourcesBuildPhase;
			buildActionMask = 2147483647;
			files = (
			);
			runOnlyForDeploymentPostprocessing = 0;
		};
/* End PBXResourcesBuildPhase section */

/* Begin PBXSourcesBuildPhase section */
		C0C537A02ED6C1FF006A9F54 /* Sources */ = {
			isa = PBXSourcesBuildPhase;
			buildActionMask = 2147483647;
			files = (
			);
			runOnlyForDeploymentPostprocessing = 0;
		};
		C0C537B62ED6C200006A9F54 /* Sources */ = {
			isa = PBXSourcesBuildPhase;
			buildActionMask = 2147483647;
			files = (
			);
			runOnlyForDeploymentPostprocessing = 0;
		};
		C0C537C02ED6C200006A9F54 /* Sources */ = {
			isa = PBXSourcesBuildPhase;
			buildActionMask = 2147483647;
			files = (
			);
			runOnlyForDeploymentPostprocessing = 0;
		};
/* End PBXSourcesBuildPhase section */

/* Begin PBXTargetDependency section */
		C0C537BC2ED6C200006A9F54 /* PBXTargetDependency */ = {
			isa = PBXTargetDependency;
			target = C0C537A32ED6C1FF006A9F54 /* CourtConnect */;
			targetProxy = C0C537BB2ED6C200006A9F54 /* PBXContainerItemProxy */;
		};
		C0C537C62ED6C200006A9F54 /* PBXTargetDependency */ = {
			isa = PBXTargetDependency;
			target = C0C537A32ED6C1FF006A9F54 /* CourtConnect */;
			targetProxy = C0C537C52ED6C200006A9F54 /* PBXContainerItemProxy */;
		};
/* End PBXTargetDependency section */

/* Begin XCBuildConfiguration section */
		C0C537CE2ED6C200006A9F54 /* Debug */ = {
			isa = XCBuildConfiguration;
			buildSettings = {
				ASSETCATALOG_COMPILER_APPICON_NAME = AppIcon;
				ASSETCATALOG_COMPILER_GLOBAL_ACCENT_COLOR_NAME = AccentColor;
				CODE_SIGN_STYLE = Automatic;
				CURRENT_PROJECT_VERSION = 1;
				GENERATE_INFOPLIST_FILE = YES;
				INFOPLIST_FILE = CourtConnect/Info.plist;
				INFOPLIST_KEY_UIApplicationSupportsIndirectInputEvents = YES;
				INFOPLIST_KEY_UILaunchStoryboardName = LaunchScreen;
				INFOPLIST_KEY_UIMainStoryboardFile = Main;
				INFOPLIST_KEY_UISupportedInterfaceOrientations_iPad = "UIInterfaceOrientationPortrait UIInterfaceOrientationPortraitUpsideDown UIInterfaceOrientationLandscapeLeft UIInterfaceOrientationLandscapeRight";
				INFOPLIST_KEY_UISupportedInterfaceOrientations_iPhone = "UIInterfaceOrientationPortrait UIInterfaceOrientationLandscapeLeft UIInterfaceOrientationLandscapeRight";
				IPHONEOS_DEPLOYMENT_TARGET = 15.6;
				LD_RUNPATH_SEARCH_PATHS = (
					"$(inherited)",
					"@executable_path/Frameworks",
				);
				MARKETING_VERSION = 1.0;
				PRODUCT_BUNDLE_IDENTIFIER = nwmsu.CourtConnect;
				PRODUCT_NAME = "$(TARGET_NAME)";
				SWIFT_EMIT_LOC_STRINGS = YES;
				SWIFT_VERSION = 5.0;
				TARGETED_DEVICE_FAMILY = "1,2";
			};
			name = Debug;
		};
		C0C537CF2ED6C200006A9F54 /* Release */ = {
			isa = XCBuildConfiguration;
			buildSettings = {
				ASSETCATALOG_COMPILER_APPICON_NAME = AppIcon;
				ASSETCATALOG_COMPILER_GLOBAL_ACCENT_COLOR_NAME = AccentColor;
				CODE_SIGN_STYLE = Automatic;
				CURRENT_PROJECT_VERSION = 1;
				GENERATE_INFOPLIST_FILE = YES;
				INFOPLIST_FILE = CourtConnect/Info.plist;
				INFOPLIST_KEY_UIApplicationSupportsIndirectInputEvents = YES;
				INFOPLIST_KEY_UILaunchStoryboardName = LaunchScreen;
				INFOPLIST_KEY_UIMainStoryboardFile = Main;
				INFOPLIST_KEY_UISupportedInterfaceOrientations_iPad = "UIInterfaceOrientationPortrait UIInterfaceOrientationPortraitUpsideDown UIInterfaceOrientationLandscapeLeft UIInterfaceOrientationLandscapeRight";
				INFOPLIST_KEY_UISupportedInterfaceOrientations_iPhone = "UIInterfaceOrientationPortrait UIInterfaceOrientationLandscapeLeft UIInterfaceOrientationLandscapeRight";
				IPHONEOS_DEPLOYMENT_TARGET = 15.6;
				LD_RUNPATH_SEARCH_PATHS = (
					"$(inherited)",
					"@executable_path/Frameworks",
				);
				MARKETING_VERSION = 1.0;
				PRODUCT_BUNDLE_IDENTIFIER = nwmsu.CourtConnect;
				PRODUCT_NAME = "$(TARGET_NAME)";
				SWIFT_EMIT_LOC_STRINGS = YES;
				SWIFT_VERSION = 5.0;
				TARGETED_DEVICE_FAMILY = "1,2";
			};
			name = Release;
		};
		C0C537D02ED6C200006A9F54 /* Debug */ = {
			isa = XCBuildConfiguration;
			buildSettings = {
				ALWAYS_SEARCH_USER_PATHS = NO;
				ASSETCATALOG_COMPILER_GENERATE_SWIFT_ASSET_SYMBOL_EXTENSIONS = YES;
				CLANG_ANALYZER_NONNULL = YES;
				CLANG_ANALYZER_NUMBER_OBJECT_CONVERSION = YES_AGGRESSIVE;
				CLANG_CXX_LANGUAGE_STANDARD = "gnu++20";
				CLANG_ENABLE_MODULES = YES;
				CLANG_ENABLE_OBJC_ARC = YES;
				CLANG_ENABLE_OBJC_WEAK = YES;
				CLANG_WARN_BLOCK_CAPTURE_AUTORELEASING = YES;
				CLANG_WARN_BOOL_CONVERSION = YES;
				CLANG_WARN_COMMA = YES;
				CLANG_WARN_CONSTANT_CONVERSION = YES;
				CLANG_WARN_DEPRECATED_OBJC_IMPLEMENTATIONS = YES;
				CLANG_WARN_DIRECT_OBJC_ISA_USAGE = YES_ERROR;
				CLANG_WARN_DOCUMENTATION_COMMENTS = YES;
				CLANG_WARN_EMPTY_BODY = YES;
				CLANG_WARN_ENUM_CONVERSION = YES;
				CLANG_WARN_INFINITE_RECURSION = YES;
				CLANG_WARN_INT_CONVERSION = YES;
				CLANG_WARN_NON_LITERAL_NULL_CONVERSION = YES;
				CLANG_WARN_OBJC_IMPLICIT_RETAIN_SELF = YES;
				CLANG_WARN_OBJC_LITERAL_CONVERSION = YES;
				CLANG_WARN_OBJC_ROOT_CLASS = YES_ERROR;
				CLANG_WARN_QUOTED_INCLUDE_IN_FRAMEWORK_HEADER = YES;
				CLANG_WARN_RANGE_LOOP_ANALYSIS = YES;
				CLANG_WARN_STRICT_PROTOTYPES = YES;
				CLANG_WARN_SUSPICIOUS_MOVE = YES;
				CLANG_WARN_UNGUARDED_AVAILABILITY = YES_AGGRESSIVE;
				CLANG_WARN_UNREACHABLE_CODE = YES;
				CLANG_WARN__DUPLICATE_METHOD_MATCH = YES;
				COPY_PHASE_STRIP = NO;
				DEBUG_INFORMATION_FORMAT = dwarf;
				ENABLE_STRICT_OBJC_MSGSEND = YES;
				ENABLE_TESTABILITY = YES;
				ENABLE_USER_SCRIPT_SANDBOXING = YES;
				GCC_C_LANGUAGE_STANDARD = gnu17;
				GCC_DYNAMIC_NO_PIC = NO;
				GCC_NO_COMMON_BLOCKS = YES;
				GCC_OPTIMIZATION_LEVEL = 0;
				GCC_PREPROCESSOR_DEFINITIONS = (
					"DEBUG=1",
					"$(inherited)",
				);
				GCC_WARN_64_TO_32_BIT_CONVERSION = YES;
				GCC_WARN_ABOUT_RETURN_TYPE = YES_ERROR;
				GCC_WARN_UNDECLARED_SELECTOR = YES;
				GCC_WARN_UNINITIALIZED_AUTOS = YES_AGGRESSIVE;
				GCC_WARN_UNUSED_FUNCTION = YES;
				GCC_WARN_UNUSED_VARIABLE = YES;
				IPHONEOS_DEPLOYMENT_TARGET = 18.5;
				LOCALIZATION_PREFERS_STRING_CATALOGS = YES;
				MTL_ENABLE_DEBUG_INFO = INCLUDE_SOURCE;
				MTL_FAST_MATH = YES;
				ONLY_ACTIVE_ARCH = YES;
				SDKROOT = iphoneos;
				SWIFT_ACTIVE_COMPILATION_CONDITIONS = "DEBUG $(inherited)";
				SWIFT_OPTIMIZATION_LEVEL = "-Onone";
			};
			name = Debug;
		};
		C0C537D12ED6C200006A9F54 /* Release */ = {
			isa = XCBuildConfiguration;
			buildSettings = {
				ALWAYS_SEARCH_USER_PATHS = NO;
				ASSETCATALOG_COMPILER_GENERATE_SWIFT_ASSET_SYMBOL_EXTENSIONS = YES;
				CLANG_ANALYZER_NONNULL = YES;
				CLANG_ANALYZER_NUMBER_OBJECT_CONVERSION = YES_AGGRESSIVE;
				CLANG_CXX_LANGUAGE_STANDARD = "gnu++20";
				CLANG_ENABLE_MODULES = YES;
				CLANG_ENABLE_OBJC_ARC = YES;
				CLANG_ENABLE_OBJC_WEAK = YES;
				CLANG_WARN_BLOCK_CAPTURE_AUTORELEASING = YES;
				CLANG_WARN_BOOL_CONVERSION = YES;
				CLANG_WARN_COMMA = YES;
				CLANG_WARN_CONSTANT_CONVERSION = YES;
				CLANG_WARN_DEPRECATED_OBJC_IMPLEMENTATIONS = YES;
				CLANG_WARN_DIRECT_OBJC_ISA_USAGE = YES_ERROR;
				CLANG_WARN_DOCUMENTATION_COMMENTS = YES;
				CLANG_WARN_EMPTY_BODY = YES;
				CLANG_WARN_ENUM_CONVERSION = YES;
				CLANG_WARN_INFINITE_RECURSION = YES;
				CLANG_WARN_INT_CONVERSION = YES;
				CLANG_WARN_NON_LITERAL_NULL_CONVERSION = YES;
				CLANG_WARN_OBJC_IMPLICIT_RETAIN_SELF = YES;
				CLANG_WARN_OBJC_LITERAL_CONVERSION = YES;
				CLANG_WARN_OBJC_ROOT_CLASS = YES_ERROR;
				CLANG_WARN_QUOTED_INCLUDE_IN_FRAMEWORK_HEADER = YES;
				CLANG_WARN_RANGE_LOOP_ANALYSIS = YES;
				CLANG_WARN_STRICT_PROTOTYPES = YES;
				CLANG_WARN_SUSPICIOUS_MOVE = YES;
				CLANG_WARN_UNGUARDED_AVAILABILITY = YES_AGGRESSIVE;
				CLANG_WARN_UNREACHABLE_CODE = YES;
				CLANG_WARN__DUPLICATE_METHOD_MATCH = YES;
				COPY_PHASE_STRIP = NO;
				DEBUG_INFORMATION_FORMAT = "dwarf-with-dsym";
				ENABLE_NS_ASSERTIONS = NO;
				ENABLE_STRICT_OBJC_MSGSEND = YES;
				ENABLE_USER_SCRIPT_SANDBOXING = YES;
				GCC_C_LANGUAGE_STANDARD = gnu17;
				GCC_NO_COMMON_BLOCKS = YES;
				GCC_WARN_64_TO_32_BIT_CONVERSION = YES;
				GCC_WARN_ABOUT_RETURN_TYPE = YES_ERROR;
				GCC_WARN_UNDECLARED_SELECTOR = YES;
				GCC_WARN_UNINITIALIZED_AUTOS = YES_AGGRESSIVE;
				GCC_WARN_UNUSED_FUNCTION = YES;
				GCC_WARN_UNUSED_VARIABLE = YES;
				IPHONEOS_DEPLOYMENT_TARGET = 18.5;
				LOCALIZATION_PREFERS_STRING_CATALOGS = YES;
				MTL_ENABLE_DEBUG_INFO = NO;
				MTL_FAST_MATH = YES;
				SDKROOT = iphoneos;
				SWIFT_COMPILATION_MODE = wholemodule;
				VALIDATE_PRODUCT = YES;
			};
			name = Release;
		};
		C0C537D32ED6C200006A9F54 /* Debug */ = {
			isa = XCBuildConfiguration;
			buildSettings = {
				BUNDLE_LOADER = "$(TEST_HOST)";
				CODE_SIGN_STYLE = Automatic;
				CURRENT_PROJECT_VERSION = 1;
				GENERATE_INFOPLIST_FILE = YES;
				IPHONEOS_DEPLOYMENT_TARGET = 18.5;
				MARKETING_VERSION = 1.0;
				PRODUCT_BUNDLE_IDENTIFIER = nwmsu.CourtConnectTests;
				PRODUCT_NAME = "$(TARGET_NAME)";
				SWIFT_EMIT_LOC_STRINGS = NO;
				SWIFT_VERSION = 5.0;
				TARGETED_DEVICE_FAMILY = "1,2";
				TEST_HOST = "$(BUILT_PRODUCTS_DIR)/CourtConnect.app/$(BUNDLE_EXECUTABLE_FOLDER_PATH)/CourtConnect";
			};
			name = Debug;
		};
		C0C537D42ED6C200006A9F54 /* Release */ = {
			isa = XCBuildConfiguration;
			buildSettings = {
				BUNDLE_LOADER = "$(TEST_HOST)";
				CODE_SIGN_STYLE = Automatic;
				CURRENT_PROJECT_VERSION = 1;
				GENERATE_INFOPLIST_FILE = YES;
				IPHONEOS_DEPLOYMENT_TARGET = 18.5;
				MARKETING_VERSION = 1.0;
				PRODUCT_BUNDLE_IDENTIFIER = nwmsu.CourtConnectTests;
				PRODUCT_NAME = "$(TARGET_NAME)";
				SWIFT_EMIT_LOC_STRINGS = NO;
				SWIFT_VERSION = 5.0;
				TARGETED_DEVICE_FAMILY = "1,2";
				TEST_HOST = "$(BUILT_PRODUCTS_DIR)/CourtConnect.app/$(BUNDLE_EXECUTABLE_FOLDER_PATH)/CourtConnect";
			};
			name = Release;
		};
		C0C537D62ED6C200006A9F54 /* Debug */ = {
			isa = XCBuildConfiguration;
			buildSettings = {
				CODE_SIGN_STYLE = Automatic;
				CURRENT_PROJECT_VERSION = 1;
				GENERATE_INFOPLIST_FILE = YES;
				MARKETING_VERSION = 1.0;
				PRODUCT_BUNDLE_IDENTIFIER = nwmsu.CourtConnectUITests;
				PRODUCT_NAME = "$(TARGET_NAME)";
				SWIFT_EMIT_LOC_STRINGS = NO;
				SWIFT_VERSION = 5.0;
				TARGETED_DEVICE_FAMILY = "1,2";
				TEST_TARGET_NAME = CourtConnect;
			};
			name = Debug;
		};
		C0C537D72ED6C200006A9F54 /* Release */ = {
			isa = XCBuildConfiguration;
			buildSettings = {
				CODE_SIGN_STYLE = Automatic;
				CURRENT_PROJECT_VERSION = 1;
				GENERATE_INFOPLIST_FILE = YES;
				MARKETING_VERSION = 1.0;
				PRODUCT_BUNDLE_IDENTIFIER = nwmsu.CourtConnectUITests;
				PRODUCT_NAME = "$(TARGET_NAME)";
				SWIFT_EMIT_LOC_STRINGS = NO;
				SWIFT_VERSION = 5.0;
				TARGETED_DEVICE_FAMILY = "1,2";
				TEST_TARGET_NAME = CourtConnect;
			};
			name = Release;
		};
/* End XCBuildConfiguration section */

/* Begin XCConfigurationList section */
		C0C5379F2ED6C1FF006A9F54 /* Build configuration list for PBXProject "CourtConnect" */ = {
			isa = XCConfigurationList;
			buildConfigurations = (
				C0C537D02ED6C200006A9F54 /* Debug */,
				C0C537D12ED6C200006A9F54 /* Release */,
			);
			defaultConfigurationIsVisible = 0;
			defaultConfigurationName = Release;
		};
		C0C537CD2ED6C200006A9F54 /* Build configuration list for PBXNativeTarget "CourtConnect" */ = {
			isa = XCConfigurationList;
			buildConfigurations = (
				C0C537CE2ED6C200006A9F54 /* Debug */,
				C0C537CF2ED6C200006A9F54 /* Release */,
			);
			defaultConfigurationIsVisible = 0;
			defaultConfigurationName = Release;
		};
		C0C537D22ED6C200006A9F54 /* Build configuration list for PBXNativeTarget "CourtConnectTests" */ = {
			isa = XCConfigurationList;
			buildConfigurations = (
				C0C537D32ED6C200006A9F54 /* Debug */,
				C0C537D42ED6C200006A9F54 /* Release */,
			);
			defaultConfigurationIsVisible = 0;
			defaultConfigurationName = Release;
		};
		C0C537D52ED6C200006A9F54 /* Build configuration list for PBXNativeTarget "CourtConnectUITests" */ = {
			isa = XCConfigurationList;
			buildConfigurations = (
				C0C537D62ED6C200006A9F54 /* Debug */,
				C0C537D72ED6C200006A9F54 /* Release */,
			);
			defaultConfigurationIsVisible = 0;
			defaultConfigurationName = Release;
		};
/* End XCConfigurationList section */
	};
	rootObject = C0C5379C2ED6C1FF006A9F54 /* Project object */;
}
